
Microsoft Visual Studio Solution File, Format Version 12.00
# Visual Studio Version 17
VisualStudioVersion = 17.2.32630.192
MinimumVisualStudioVersion = 10.0.40219.1
Project("{9A19103F-16F7-4668-BE54-9A1E7A4F7556}") = "R5T.R0004", "R5T.R0004\R5T.R0004.csproj", "{819E7F92-3657-4D78-97FA-25FB5FD9E7F1}"
EndProject
Project("{2150E333-8FDC-42A3-9474-1A3956D46DE8}") = "_Dependencies", "_Dependencies", "{ED71F6BC-B76D-46B7-A7CD-0EF51C886F6A}"
EndProject
Project("{9A19103F-16F7-4668-BE54-9A1E7A4F7556}") = "R5T.T0016", "..\..\R5T.T0016\source\R5T.T0016\R5T.T0016.csproj", "{C3DF4C13-2BC2-4966-A322-2B6814604DA6}"
EndProject
Project("{9A19103F-16F7-4668-BE54-9A1E7A4F7556}") = "R5T.F0000", "..\..\R5T.F0000\source\R5T.F0000\R5T.F0000.csproj", "{5BF12428-7EC6-4F68-BD2D-378FADE778DC}"
EndProject
Project("{9A19103F-16F7-4668-BE54-9A1E7A4F7556}") = "R5T.D0119", "..\..\R5T.D0119\source\R5T.D0119\R5T.D0119.csproj", "{0779973D-971D-4911-BC86-A32F9BCAD3B5}"
EndProject
Project("{9A19103F-16F7-4668-BE54-9A1E7A4F7556}") = "R5T.T0064", "..\..\R5T.T0064\source\R5T.T0064\R5T.T0064.csproj", "{E473D887-10E0-401F-B5C7-5E215BA5F95F}"
EndProject
Project("{9A19103F-16F7-4668-BE54-9A1E7A4F7556}") = "R5T.T0131", "..\..\R5T.T0131\source\R5T.T0131\R5T.T0131.csproj", "{FA2C1E3F-CDBF-454B-B791-46535497B189}"
EndProject
Project("{9A19103F-16F7-4668-BE54-9A1E7A4F7556}") = "R5T.T0132", "..\..\R5T.T0132\source\R5T.T0132\R5T.T0132.csproj", "{AFB39306-03DD-45BC-9535-D152226EC93E}"
EndProject
Project("{9A19103F-16F7-4668-BE54-9A1E7A4F7556}") = "R5T.T0142", "..\..\R5T.T0142\source\R5T.T0142\R5T.T0142.csproj", "{FA5CDD00-719E-4BC5-8EB9-AFE554F7EB38}"
EndProject
Project("{9A19103F-16F7-4668-BE54-9A1E7A4F7556}") = "R5T.T0143", "..\..\R5T.T0143\source\R5T.T0143\R5T.T0143.csproj", "{E2907932-0F21-453B-A4C5-6DFB320CE2FA}"
EndProject
Project("{9A19103F-16F7-4668-BE54-9A1E7A4F7556}") = "R5T.T0156", "..\..\R5T.T0156\source\R5T.T0156\R5T.T0156.csproj", "{B6827EA0-CABC-4D39-832C-4DD5D2244401}"
EndProject
Project("{9A19103F-16F7-4668-BE54-9A1E7A4F7556}") = "R5T.Y0000", "..\..\R5T.Y0000\source\R5T.Y0000\R5T.Y0000.csproj", "{38C6EA16-1A1B-46C1-AB43-F5A64C6A437C}"
EndProject
Project("{9A19103F-16F7-4668-BE54-9A1E7A4F7556}") = "R5T.Z0000", "..\..\R5T.Z0000\source\R5T.Z0000\R5T.Z0000.csproj", "{FA2128EC-8F16-48AA-98B1-EDDD7603D655}"
EndProject
Global
	GlobalSection(NestedProjects) = preSolution
		{C3DF4C13-2BC2-4966-A322-2B6814604DA6} = {ED71F6BC-B76D-46B7-A7CD-0EF51C886F6A}
		{5BF12428-7EC6-4F68-BD2D-378FADE778DC} = {ED71F6BC-B76D-46B7-A7CD-0EF51C886F6A}
		{0779973D-971D-4911-BC86-A32F9BCAD3B5} = {ED71F6BC-B76D-46B7-A7CD-0EF51C886F6A}
		{E473D887-10E0-401F-B5C7-5E215BA5F95F} = {ED71F6BC-B76D-46B7-A7CD-0EF51C886F6A}
		{FA2C1E3F-CDBF-454B-B791-46535497B189} = {ED71F6BC-B76D-46B7-A7CD-0EF51C886F6A}
		{AFB39306-03DD-45BC-9535-D152226EC93E} = {ED71F6BC-B76D-46B7-A7CD-0EF51C886F6A}
		{FA5CDD00-719E-4BC5-8EB9-AFE554F7EB38} = {ED71F6BC-B76D-46B7-A7CD-0EF51C886F6A}
		{E2907932-0F21-453B-A4C5-6DFB320CE2FA} = {ED71F6BC-B76D-46B7-A7CD-0EF51C886F6A}
		{B6827EA0-CABC-4D39-832C-4DD5D2244401} = {ED71F6BC-B76D-46B7-A7CD-0EF51C886F6A}
		{38C6EA16-1A1B-46C1-AB43-F5A64C6A437C} = {ED71F6BC-B76D-46B7-A7CD-0EF51C886F6A}
		{FA2128EC-8F16-48AA-98B1-EDDD7603D655} = {ED71F6BC-B76D-46B7-A7CD-0EF51C886F6A}
	EndGlobalSection
	GlobalSection(SolutionConfigurationPlatforms) = preSolution
		Debug|Any CPU = Debug|Any CPU
		Release|Any CPU = Release|Any CPU
	EndGlobalSection
	GlobalSection(ProjectConfigurationPlatforms) = postSolution
		{819E7F92-3657-4D78-97FA-25FB5FD9E7F1}.Debug|Any CPU.ActiveCfg = Debug|Any CPU
		{819E7F92-3657-4D78-97FA-25FB5FD9E7F1}.Debug|Any CPU.Build.0 = Debug|Any CPU
		{819E7F92-3657-4D78-97FA-25FB5FD9E7F1}.Release|Any CPU.ActiveCfg = Release|Any CPU
		{819E7F92-3657-4D78-97FA-25FB5FD9E7F1}.Release|Any CPU.Build.0 = Release|Any CPU
		{C3DF4C13-2BC2-4966-A322-2B6814604DA6}.Debug|Any CPU.ActiveCfg = Debug|Any CPU
		{C3DF4C13-2BC2-4966-A322-2B6814604DA6}.Debug|Any CPU.Build.0 = Debug|Any CPU
		{C3DF4C13-2BC2-4966-A322-2B6814604DA6}.Release|Any CPU.ActiveCfg = Release|Any CPU
		{C3DF4C13-2BC2-4966-A322-2B6814604DA6}.Release|Any CPU.Build.0 = Release|Any CPU
		{5BF12428-7EC6-4F68-BD2D-378FADE778DC}.Debug|Any CPU.ActiveCfg = Debug|Any CPU
		{5BF12428-7EC6-4F68-BD2D-378FADE778DC}.Debug|Any CPU.Build.0 = Debug|Any CPU
		{5BF12428-7EC6-4F68-BD2D-378FADE778DC}.Release|Any CPU.ActiveCfg = Release|Any CPU
		{5BF12428-7EC6-4F68-BD2D-378FADE778DC}.Release|Any CPU.Build.0 = Release|Any CPU
		{0779973D-971D-4911-BC86-A32F9BCAD3B5}.Debug|Any CPU.ActiveCfg = Debug|Any CPU
		{0779973D-971D-4911-BC86-A32F9BCAD3B5}.Debug|Any CPU.Build.0 = Debug|Any CPU
		{0779973D-971D-4911-BC86-A32F9BCAD3B5}.Release|Any CPU.ActiveCfg = Release|Any CPU
		{0779973D-971D-4911-BC86-A32F9BCAD3B5}.Release|Any CPU.Build.0 = Release|Any CPU
		{E473D887-10E0-401F-B5C7-5E215BA5F95F}.Debug|Any CPU.ActiveCfg = Debug|Any CPU
		{E473D887-10E0-401F-B5C7-5E215BA5F95F}.Debug|Any CPU.Build.0 = Debug|Any CPU
		{E473D887-10E0-401F-B5C7-5E215BA5F95F}.Release|Any CPU.ActiveCfg = Release|Any CPU
		{E473D887-10E0-401F-B5C7-5E215BA5F95F}.Release|Any CPU.Build.0 = Release|Any CPU
		{FA2C1E3F-CDBF-454B-B791-46535497B189}.Debug|Any CPU.ActiveCfg = Debug|Any CPU
		{FA2C1E3F-CDBF-454B-B791-46535497B189}.Debug|Any CPU.Build.0 = Debug|Any CPU
		{FA2C1E3F-CDBF-454B-B791-46535497B189}.Release|Any CPU.ActiveCfg = Release|Any CPU
		{FA2C1E3F-CDBF-454B-B791-46535497B189}.Release|Any CPU.Build.0 = Release|Any CPU
		{AFB39306-03DD-45BC-9535-D152226EC93E}.Debug|Any CPU.ActiveCfg = Debug|Any CPU
		{AFB39306-03DD-45BC-9535-D152226EC93E}.Debug|Any CPU.Build.0 = Debug|Any CPU
		{AFB39306-03DD-45BC-9535-D152226EC93E}.Release|Any CPU.ActiveCfg = Release|Any CPU
		{AFB39306-03DD-45BC-9535-D152226EC93E}.Release|Any CPU.Build.0 = Release|Any CPU
		{FA5CDD00-719E-4BC5-8EB9-AFE554F7EB38}.Debug|Any CPU.ActiveCfg = Debug|Any CPU
		{FA5CDD00-719E-4BC5-8EB9-AFE554F7EB38}.Debug|Any CPU.Build.0 = Debug|Any CPU
		{FA5CDD00-719E-4BC5-8EB9-AFE554F7EB38}.Release|Any CPU.ActiveCfg = Release|Any CPU
		{FA5CDD00-719E-4BC5-8EB9-AFE554F7EB38}.Release|Any CPU.Build.0 = Release|Any CPU
		{E2907932-0F21-453B-A4C5-6DFB320CE2FA}.Debug|Any CPU.ActiveCfg = Debug|Any CPU
		{E2907932-0F21-453B-A4C5-6DFB320CE2FA}.Debug|Any CPU.Build.0 = Debug|Any CPU
		{E2907932-0F21-453B-A4C5-6DFB320CE2FA}.Release|Any CPU.ActiveCfg = Release|Any CPU
		{E2907932-0F21-453B-A4C5-6DFB320CE2FA}.Release|Any CPU.Build.0 = Release|Any CPU
		{B6827EA0-CABC-4D39-832C-4DD5D2244401}.Debug|Any CPU.ActiveCfg = Debug|Any CPU
		{B6827EA0-CABC-4D39-832C-4DD5D2244401}.Debug|Any CPU.Build.0 = Debug|Any CPU
		{B6827EA0-CABC-4D39-832C-4DD5D2244401}.Release|Any CPU.ActiveCfg = Release|Any CPU
		{B6827EA0-CABC-4D39-832C-4DD5D2244401}.Release|Any CPU.Build.0 = Release|Any CPU
		{38C6EA16-1A1B-46C1-AB43-F5A64C6A437C}.Debug|Any CPU.ActiveCfg = Debug|Any CPU
		{38C6EA16-1A1B-46C1-AB43-F5A64C6A437C}.Debug|Any CPU.Build.0 = Debug|Any CPU
		{38C6EA16-1A1B-46C1-AB43-F5A64C6A437C}.Release|Any CPU.ActiveCfg = Release|Any CPU
		{38C6EA16-1A1B-46C1-AB43-F5A64C6A437C}.Release|Any CPU.Build.0 = Release|Any CPU
		{FA2128EC-8F16-48AA-98B1-EDDD7603D655}.Debug|Any CPU.ActiveCfg = Debug|Any CPU
		{FA2128EC-8F16-48AA-98B1-EDDD7603D655}.Debug|Any CPU.Build.0 = Debug|Any CPU
		{FA2128EC-8F16-48AA-98B1-EDDD7603D655}.Release|Any CPU.ActiveCfg = Release|Any CPU
		{FA2128EC-8F16-48AA-98B1-EDDD7603D655}.Release|Any CPU.Build.0 = Release|Any CPU
	EndGlobalSection
	GlobalSection(SolutionProperties) = preSolution
		HideSolutionNode = FALSE
	EndGlobalSection
	GlobalSection(ExtensibilityGlobals) = postSolution
		SolutionGuid = {0678A894-695B-4873-B21A-B0D016F18306}
	EndGlobalSection
EndGlobal
