
Microsoft Visual Studio Solution File, Format Version 12.00
# Visual Studio Version 17
VisualStudioVersion = 17.2.32630.192
MinimumVisualStudioVersion = 10.0.40219.1
Project("{9A19103F-16F7-4668-BE54-9A1E7A4F7556}") = "R5T.R0004", "R5T.R0004\R5T.R0004.csproj", "{819E7F92-3657-4D78-97FA-25FB5FD9E7F1}"
EndProject
Project("{2150E333-8FDC-42A3-9474-1A3956D46DE8}") = "_Dependencies", "_Dependencies", "{ED71F6BC-B76D-46B7-A7CD-0EF51C886F6A}"
EndProject
Project("{9A19103F-16F7-4668-BE54-9A1E7A4F7556}") = "R5T.T0016", "..\..\R5T.T0016\source\R5T.T0016\R5T.T0016.csproj", "{C3DF4C13-2BC2-4966-A322-2B6814604DA6}"
EndProject
Project("{9A19103F-16F7-4668-BE54-9A1E7A4F7556}") = "R5T.F0000", "..\..\R5T.F0000\source\R5T.F0000\R5T.F0000.csproj", "{5BF12428-7EC6-4F68-BD2D-378FADE778DC}"
EndProject
Project("{9A19103F-16F7-4668-BE54-9A1E7A4F7556}") = "R5T.D0119", "..\..\R5T.D0119\source\R5T.D0119\R5T.D0119.csproj", "{0779973D-971D-4911-BC86-A32F9BCAD3B5}"
EndProject
Project("{9A19103F-16F7-4668-BE54-9A1E7A4F7556}") = "R5T.T0064", "..\..\R5T.T0064\source\R5T.T0064\R5T.T0064.csproj", "{E473D887-10E0-401F-B5C7-5E215BA5F95F}"
EndProject
Project("{9A19103F-16F7-4668-BE54-9A1E7A4F7556}") = "R5T.T0131", "..\..\R5T.T0131\source\R5T.T0131\R5T.T0131.csproj", "{FA2C1E3F-CDBF-454B-B791-46535497B189}"
EndProject
Project("{9A19103F-16F7-4668-BE54-9A1E7A4F7556}") = "R5T.T0132", "..\..\R5T.T0132\source\R5T.T0132\R5T.T0132.csproj", "{AFB39306-03DD-45BC-9535-D152226EC93E}"
EndProject
Project("{9A19103F-16F7-4668-BE54-9A1E7A4F7556}") = "R5T.T0142", "..\..\R5T.T0142\source\R5T.T0142\R5T.T0142.csproj", "{FA5CDD00-719E-4BC5-8EB9-AFE554F7EB38}"
EndProject
Project("{9A19103F-16F7-4668-BE54-9A1E7A4F7556}") = "R5T.T0143", "..\..\R5T.T0143\source\R5T.T0143\R5T.T0143.csproj", "{E2907932-0F21-453B-A4C5-6DFB320CE2FA}"
EndProject
Project("{9A19103F-16F7-4668-BE54-9A1E7A4F7556}") = "R5T.T0156", "..\..\R5T.T0156\source\R5T.T0156\R5T.T0156.csproj", "{B6827EA0-CABC-4D39-832C-4DD5D2244401}"
EndProject
Project("{9A19103F-16F7-4668-BE54-9A1E7A4F7556}") = "R5T.Y0000", "..\..\R5T.Y0000\source\R5T.Y0000\R5T.Y0000.csproj", "{38C6EA16-1A1B-46C1-AB43-F5A64C6A437C}"
EndProject
Project("{9A19103F-16F7-4668-BE54-9A1E7A4F7556}") = "R5T.Z0000", "..\..\R5T.Z0000\source\R5T.Z0000\R5T.Z0000.csproj", "{FA2128EC-8F16-48AA-98B1-EDDD7603D655}"
EndProject
Project("{9A19103F-16F7-4668-BE54-9A1E7A4F7556}") = "F10Y.L0000", "..\..\..\Functionairy\F10Y.L0000\source\F10Y.L0000\F10Y.L0000.csproj", "{23CD5CA8-DF17-4FB0-A70D-E2226A97784C}"
EndProject
Project("{9A19103F-16F7-4668-BE54-9A1E7A4F7556}") = "F10Y.L0001.L001", "..\..\..\Functionairy\F10Y.L0001\source\F10Y.L0001.L001\F10Y.L0001.L001.csproj", "{42BF0AC1-9A77-4267-8722-F160DD95CA49}"
EndProject
Project("{9A19103F-16F7-4668-BE54-9A1E7A4F7556}") = "F10Y.L0001.L002", "..\..\..\Functionairy\F10Y.L0001\source\F10Y.L0001.L002\F10Y.L0001.L002.csproj", "{CBE9AEC6-BEBA-4E19-8DAD-D5FA973D5244}"
EndProject
Project("{9A19103F-16F7-4668-BE54-9A1E7A4F7556}") = "F10Y.L0001.T000", "..\..\..\Functionairy\F10Y.L0001\source\F10Y.L0001.T000\F10Y.L0001.T000.csproj", "{7D7FA099-3C8F-4DD6-9723-7CD691ECAA96}"
EndProject
Project("{9A19103F-16F7-4668-BE54-9A1E7A4F7556}") = "F10Y.L0001.Z000", "..\..\..\Functionairy\F10Y.L0001\source\F10Y.L0001.Z000\F10Y.L0001.Z000.csproj", "{F4AD0EEC-AAED-48FE-9728-722F1584D233}"
EndProject
Project("{9A19103F-16F7-4668-BE54-9A1E7A4F7556}") = "F10Y.L0001", "..\..\..\Functionairy\F10Y.L0001\source\F10Y.L0001\F10Y.L0001.csproj", "{B054F0DA-13BE-4D67-889F-7C65C239419C}"
EndProject
Project("{9A19103F-16F7-4668-BE54-9A1E7A4F7556}") = "F10Y.T0000", "..\..\..\Functionairy\F10Y.T0000\source\F10Y.T0000\F10Y.T0000.csproj", "{E1EA6CD5-4141-442E-A222-A67168505FE8}"
EndProject
Project("{9A19103F-16F7-4668-BE54-9A1E7A4F7556}") = "F10Y.T0001", "..\..\..\Functionairy\F10Y.T0001\source\F10Y.T0001\F10Y.T0001.csproj", "{26844875-A76C-4497-9D8D-C354A7701FE6}"
EndProject
Project("{9A19103F-16F7-4668-BE54-9A1E7A4F7556}") = "F10Y.T0002", "..\..\..\Functionairy\F10Y.T0002\source\F10Y.T0002\F10Y.T0002.csproj", "{65A96516-7CB0-45C5-8066-A1AFCBF30FE1}"
EndProject
Project("{9A19103F-16F7-4668-BE54-9A1E7A4F7556}") = "F10Y.T0003", "..\..\..\Functionairy\F10Y.T0003\source\F10Y.T0003\F10Y.T0003.csproj", "{8466DB46-917D-43F4-867D-55BD783F13EC}"
EndProject
Project("{9A19103F-16F7-4668-BE54-9A1E7A4F7556}") = "F10Y.T0004", "..\..\..\Functionairy\F10Y.T0004\source\F10Y.T0004\F10Y.T0004.csproj", "{D2FAC69F-1F53-4641-AA97-14DC68EE7B7A}"
EndProject
Project("{9A19103F-16F7-4668-BE54-9A1E7A4F7556}") = "F10Y.T0011", "..\..\..\Functionairy\F10Y.T0011\source\F10Y.T0011\F10Y.T0011.csproj", "{59D53C9B-9942-4D7A-B2C3-04BDAD1A69FB}"
EndProject
Project("{9A19103F-16F7-4668-BE54-9A1E7A4F7556}") = "F10Y.Y0000", "..\..\..\Functionairy\F10Y.Y0000\source\F10Y.Y0000\F10Y.Y0000.csproj", "{006500FC-6545-4B5E-AB92-8EB3ED3E60C5}"
EndProject
Project("{9A19103F-16F7-4668-BE54-9A1E7A4F7556}") = "R5T.L0053", "..\..\R5T.L0053\source\R5T.L0053\R5T.L0053.csproj", "{A27C1B06-6576-426B-9E79-FEEA3219333B}"
EndProject
Project("{9A19103F-16F7-4668-BE54-9A1E7A4F7556}") = "R5T.L0066", "..\..\R5T.L0066\source\R5T.L0066\R5T.L0066.csproj", "{C21C4DD3-7BF6-41F1-8C5E-60961F0511C0}"
EndProject
Project("{9A19103F-16F7-4668-BE54-9A1E7A4F7556}") = "R5T.L0071", "..\..\R5T.L0071\source\R5T.L0071\R5T.L0071.csproj", "{1CBBDD05-0B04-42F0-88A6-8A719BBF6AF9}"
EndProject
Project("{9A19103F-16F7-4668-BE54-9A1E7A4F7556}") = "R5T.L0089.F000", "..\..\R5T.L0089\source\R5T.L0089.F000\R5T.L0089.F000.csproj", "{BB383B57-5566-47CC-A236-FDCE073685DA}"
EndProject
Project("{9A19103F-16F7-4668-BE54-9A1E7A4F7556}") = "R5T.L0089.T000", "..\..\R5T.L0089\source\R5T.L0089.T000\R5T.L0089.T000.csproj", "{8F2DFC93-6CD6-455F-95F3-DFEFF48521C7}"
EndProject
Project("{9A19103F-16F7-4668-BE54-9A1E7A4F7556}") = "R5T.L0089", "..\..\R5T.L0089\source\R5T.L0089\R5T.L0089.csproj", "{FB6176D9-890C-4BFA-8533-1ECD90D49EB0}"
EndProject
Project("{9A19103F-16F7-4668-BE54-9A1E7A4F7556}") = "R5T.T0154", "..\..\R5T.T0154\source\R5T.T0154\R5T.T0154.csproj", "{6212CED4-D890-4CBC-941C-B0C218783497}"
EndProject
Project("{9A19103F-16F7-4668-BE54-9A1E7A4F7556}") = "R5T.T0221", "..\..\R5T.T0221\source\R5T.T0221\R5T.T0221.csproj", "{26233E30-FCCC-4E40-B259-6334C47F73A8}"
EndProject
Project("{9A19103F-16F7-4668-BE54-9A1E7A4F7556}") = "R5T.T0241", "..\..\R5T.T0241\source\R5T.T0241\R5T.T0241.csproj", "{782334A2-ECF4-44B3-8354-4EF54F140CDA}"
EndProject
Project("{9A19103F-16F7-4668-BE54-9A1E7A4F7556}") = "R5T.Y0006", "..\..\R5T.Y0006\source\R5T.Y0006\R5T.Y0006.csproj", "{04A89047-F414-40D1-8D2F-8E1DB11EE520}"
EndProject
Project("{9A19103F-16F7-4668-BE54-9A1E7A4F7556}") = "R5T.Z0072.Z000", "..\..\R5T.Z0072\source\R5T.Z0072.Z000\R5T.Z0072.Z000.csproj", "{7724F48B-B12E-47CB-9DC8-4A056DBE838A}"
EndProject
Project("{9A19103F-16F7-4668-BE54-9A1E7A4F7556}") = "R5T.Z0072.Z002", "..\..\R5T.Z0072\source\R5T.Z0072.Z002\R5T.Z0072.Z002.csproj", "{5CAE2FF6-D68B-4E72-929D-58A7669BF52C}"
EndProject
Global
	GlobalSection(NestedProjects) = preSolution
		{C3DF4C13-2BC2-4966-A322-2B6814604DA6} = {ED71F6BC-B76D-46B7-A7CD-0EF51C886F6A}
		{5BF12428-7EC6-4F68-BD2D-378FADE778DC} = {ED71F6BC-B76D-46B7-A7CD-0EF51C886F6A}
		{0779973D-971D-4911-BC86-A32F9BCAD3B5} = {ED71F6BC-B76D-46B7-A7CD-0EF51C886F6A}
		{E473D887-10E0-401F-B5C7-5E215BA5F95F} = {ED71F6BC-B76D-46B7-A7CD-0EF51C886F6A}
		{FA2C1E3F-CDBF-454B-B791-46535497B189} = {ED71F6BC-B76D-46B7-A7CD-0EF51C886F6A}
		{AFB39306-03DD-45BC-9535-D152226EC93E} = {ED71F6BC-B76D-46B7-A7CD-0EF51C886F6A}
		{FA5CDD00-719E-4BC5-8EB9-AFE554F7EB38} = {ED71F6BC-B76D-46B7-A7CD-0EF51C886F6A}
		{E2907932-0F21-453B-A4C5-6DFB320CE2FA} = {ED71F6BC-B76D-46B7-A7CD-0EF51C886F6A}
		{B6827EA0-CABC-4D39-832C-4DD5D2244401} = {ED71F6BC-B76D-46B7-A7CD-0EF51C886F6A}
		{38C6EA16-1A1B-46C1-AB43-F5A64C6A437C} = {ED71F6BC-B76D-46B7-A7CD-0EF51C886F6A}
		{FA2128EC-8F16-48AA-98B1-EDDD7603D655} = {ED71F6BC-B76D-46B7-A7CD-0EF51C886F6A}
		{23CD5CA8-DF17-4FB0-A70D-E2226A97784C} = {ED71F6BC-B76D-46B7-A7CD-0EF51C886F6A}
		{42BF0AC1-9A77-4267-8722-F160DD95CA49} = {ED71F6BC-B76D-46B7-A7CD-0EF51C886F6A}
		{CBE9AEC6-BEBA-4E19-8DAD-D5FA973D5244} = {ED71F6BC-B76D-46B7-A7CD-0EF51C886F6A}
		{7D7FA099-3C8F-4DD6-9723-7CD691ECAA96} = {ED71F6BC-B76D-46B7-A7CD-0EF51C886F6A}
		{F4AD0EEC-AAED-48FE-9728-722F1584D233} = {ED71F6BC-B76D-46B7-A7CD-0EF51C886F6A}
		{B054F0DA-13BE-4D67-889F-7C65C239419C} = {ED71F6BC-B76D-46B7-A7CD-0EF51C886F6A}
		{E1EA6CD5-4141-442E-A222-A67168505FE8} = {ED71F6BC-B76D-46B7-A7CD-0EF51C886F6A}
		{26844875-A76C-4497-9D8D-C354A7701FE6} = {ED71F6BC-B76D-46B7-A7CD-0EF51C886F6A}
		{65A96516-7CB0-45C5-8066-A1AFCBF30FE1} = {ED71F6BC-B76D-46B7-A7CD-0EF51C886F6A}
		{8466DB46-917D-43F4-867D-55BD783F13EC} = {ED71F6BC-B76D-46B7-A7CD-0EF51C886F6A}
		{D2FAC69F-1F53-4641-AA97-14DC68EE7B7A} = {ED71F6BC-B76D-46B7-A7CD-0EF51C886F6A}
		{59D53C9B-9942-4D7A-B2C3-04BDAD1A69FB} = {ED71F6BC-B76D-46B7-A7CD-0EF51C886F6A}
		{006500FC-6545-4B5E-AB92-8EB3ED3E60C5} = {ED71F6BC-B76D-46B7-A7CD-0EF51C886F6A}
		{A27C1B06-6576-426B-9E79-FEEA3219333B} = {ED71F6BC-B76D-46B7-A7CD-0EF51C886F6A}
		{C21C4DD3-7BF6-41F1-8C5E-60961F0511C0} = {ED71F6BC-B76D-46B7-A7CD-0EF51C886F6A}
		{1CBBDD05-0B04-42F0-88A6-8A719BBF6AF9} = {ED71F6BC-B76D-46B7-A7CD-0EF51C886F6A}
		{BB383B57-5566-47CC-A236-FDCE073685DA} = {ED71F6BC-B76D-46B7-A7CD-0EF51C886F6A}
		{8F2DFC93-6CD6-455F-95F3-DFEFF48521C7} = {ED71F6BC-B76D-46B7-A7CD-0EF51C886F6A}
		{FB6176D9-890C-4BFA-8533-1ECD90D49EB0} = {ED71F6BC-B76D-46B7-A7CD-0EF51C886F6A}
		{6212CED4-D890-4CBC-941C-B0C218783497} = {ED71F6BC-B76D-46B7-A7CD-0EF51C886F6A}
		{26233E30-FCCC-4E40-B259-6334C47F73A8} = {ED71F6BC-B76D-46B7-A7CD-0EF51C886F6A}
		{782334A2-ECF4-44B3-8354-4EF54F140CDA} = {ED71F6BC-B76D-46B7-A7CD-0EF51C886F6A}
		{04A89047-F414-40D1-8D2F-8E1DB11EE520} = {ED71F6BC-B76D-46B7-A7CD-0EF51C886F6A}
		{7724F48B-B12E-47CB-9DC8-4A056DBE838A} = {ED71F6BC-B76D-46B7-A7CD-0EF51C886F6A}
		{5CAE2FF6-D68B-4E72-929D-58A7669BF52C} = {ED71F6BC-B76D-46B7-A7CD-0EF51C886F6A}
	EndGlobalSection
	GlobalSection(SolutionConfigurationPlatforms) = preSolution
		Debug|Any CPU = Debug|Any CPU
		Release|Any CPU = Release|Any CPU
	EndGlobalSection
	GlobalSection(ProjectConfigurationPlatforms) = postSolution
		{819E7F92-3657-4D78-97FA-25FB5FD9E7F1}.Debug|Any CPU.ActiveCfg = Debug|Any CPU
		{819E7F92-3657-4D78-97FA-25FB5FD9E7F1}.Debug|Any CPU.Build.0 = Debug|Any CPU
		{819E7F92-3657-4D78-97FA-25FB5FD9E7F1}.Release|Any CPU.ActiveCfg = Release|Any CPU
		{819E7F92-3657-4D78-97FA-25FB5FD9E7F1}.Release|Any CPU.Build.0 = Release|Any CPU
		{C3DF4C13-2BC2-4966-A322-2B6814604DA6}.Debug|Any CPU.ActiveCfg = Debug|Any CPU
		{C3DF4C13-2BC2-4966-A322-2B6814604DA6}.Debug|Any CPU.Build.0 = Debug|Any CPU
		{C3DF4C13-2BC2-4966-A322-2B6814604DA6}.Release|Any CPU.ActiveCfg = Release|Any CPU
		{C3DF4C13-2BC2-4966-A322-2B6814604DA6}.Release|Any CPU.Build.0 = Release|Any CPU
		{5BF12428-7EC6-4F68-BD2D-378FADE778DC}.Debug|Any CPU.ActiveCfg = Debug|Any CPU
		{5BF12428-7EC6-4F68-BD2D-378FADE778DC}.Debug|Any CPU.Build.0 = Debug|Any CPU
		{5BF12428-7EC6-4F68-BD2D-378FADE778DC}.Release|Any CPU.ActiveCfg = Release|Any CPU
		{5BF12428-7EC6-4F68-BD2D-378FADE778DC}.Release|Any CPU.Build.0 = Release|Any CPU
		{0779973D-971D-4911-BC86-A32F9BCAD3B5}.Debug|Any CPU.ActiveCfg = Debug|Any CPU
		{0779973D-971D-4911-BC86-A32F9BCAD3B5}.Debug|Any CPU.Build.0 = Debug|Any CPU
		{0779973D-971D-4911-BC86-A32F9BCAD3B5}.Release|Any CPU.ActiveCfg = Release|Any CPU
		{0779973D-971D-4911-BC86-A32F9BCAD3B5}.Release|Any CPU.Build.0 = Release|Any CPU
		{E473D887-10E0-401F-B5C7-5E215BA5F95F}.Debug|Any CPU.ActiveCfg = Debug|Any CPU
		{E473D887-10E0-401F-B5C7-5E215BA5F95F}.Debug|Any CPU.Build.0 = Debug|Any CPU
		{E473D887-10E0-401F-B5C7-5E215BA5F95F}.Release|Any CPU.ActiveCfg = Release|Any CPU
		{E473D887-10E0-401F-B5C7-5E215BA5F95F}.Release|Any CPU.Build.0 = Release|Any CPU
		{FA2C1E3F-CDBF-454B-B791-46535497B189}.Debug|Any CPU.ActiveCfg = Debug|Any CPU
		{FA2C1E3F-CDBF-454B-B791-46535497B189}.Debug|Any CPU.Build.0 = Debug|Any CPU
		{FA2C1E3F-CDBF-454B-B791-46535497B189}.Release|Any CPU.ActiveCfg = Release|Any CPU
		{FA2C1E3F-CDBF-454B-B791-46535497B189}.Release|Any CPU.Build.0 = Release|Any CPU
		{AFB39306-03DD-45BC-9535-D152226EC93E}.Debug|Any CPU.ActiveCfg = Debug|Any CPU
		{AFB39306-03DD-45BC-9535-D152226EC93E}.Debug|Any CPU.Build.0 = Debug|Any CPU
		{AFB39306-03DD-45BC-9535-D152226EC93E}.Release|Any CPU.ActiveCfg = Release|Any CPU
		{AFB39306-03DD-45BC-9535-D152226EC93E}.Release|Any CPU.Build.0 = Release|Any CPU
		{FA5CDD00-719E-4BC5-8EB9-AFE554F7EB38}.Debug|Any CPU.ActiveCfg = Debug|Any CPU
		{FA5CDD00-719E-4BC5-8EB9-AFE554F7EB38}.Debug|Any CPU.Build.0 = Debug|Any CPU
		{FA5CDD00-719E-4BC5-8EB9-AFE554F7EB38}.Release|Any CPU.ActiveCfg = Release|Any CPU
		{FA5CDD00-719E-4BC5-8EB9-AFE554F7EB38}.Release|Any CPU.Build.0 = Release|Any CPU
		{E2907932-0F21-453B-A4C5-6DFB320CE2FA}.Debug|Any CPU.ActiveCfg = Debug|Any CPU
		{E2907932-0F21-453B-A4C5-6DFB320CE2FA}.Debug|Any CPU.Build.0 = Debug|Any CPU
		{E2907932-0F21-453B-A4C5-6DFB320CE2FA}.Release|Any CPU.ActiveCfg = Release|Any CPU
		{E2907932-0F21-453B-A4C5-6DFB320CE2FA}.Release|Any CPU.Build.0 = Release|Any CPU
		{B6827EA0-CABC-4D39-832C-4DD5D2244401}.Debug|Any CPU.ActiveCfg = Debug|Any CPU
		{B6827EA0-CABC-4D39-832C-4DD5D2244401}.Debug|Any CPU.Build.0 = Debug|Any CPU
		{B6827EA0-CABC-4D39-832C-4DD5D2244401}.Release|Any CPU.ActiveCfg = Release|Any CPU
		{B6827EA0-CABC-4D39-832C-4DD5D2244401}.Release|Any CPU.Build.0 = Release|Any CPU
		{38C6EA16-1A1B-46C1-AB43-F5A64C6A437C}.Debug|Any CPU.ActiveCfg = Debug|Any CPU
		{38C6EA16-1A1B-46C1-AB43-F5A64C6A437C}.Debug|Any CPU.Build.0 = Debug|Any CPU
		{38C6EA16-1A1B-46C1-AB43-F5A64C6A437C}.Release|Any CPU.ActiveCfg = Release|Any CPU
		{38C6EA16-1A1B-46C1-AB43-F5A64C6A437C}.Release|Any CPU.Build.0 = Release|Any CPU
		{FA2128EC-8F16-48AA-98B1-EDDD7603D655}.Debug|Any CPU.ActiveCfg = Debug|Any CPU
		{FA2128EC-8F16-48AA-98B1-EDDD7603D655}.Debug|Any CPU.Build.0 = Debug|Any CPU
		{FA2128EC-8F16-48AA-98B1-EDDD7603D655}.Release|Any CPU.ActiveCfg = Release|Any CPU
		{FA2128EC-8F16-48AA-98B1-EDDD7603D655}.Release|Any CPU.Build.0 = Release|Any CPU
		{23CD5CA8-DF17-4FB0-A70D-E2226A97784C}.Debug|Any CPU.ActiveCfg = Debug|Any CPU
		{23CD5CA8-DF17-4FB0-A70D-E2226A97784C}.Debug|Any CPU.Build.0 = Debug|Any CPU
		{23CD5CA8-DF17-4FB0-A70D-E2226A97784C}.Release|Any CPU.ActiveCfg = Release|Any CPU
		{23CD5CA8-DF17-4FB0-A70D-E2226A97784C}.Release|Any CPU.Build.0 = Release|Any CPU
		{42BF0AC1-9A77-4267-8722-F160DD95CA49}.Debug|Any CPU.ActiveCfg = Debug|Any CPU
		{42BF0AC1-9A77-4267-8722-F160DD95CA49}.Debug|Any CPU.Build.0 = Debug|Any CPU
		{42BF0AC1-9A77-4267-8722-F160DD95CA49}.Release|Any CPU.ActiveCfg = Release|Any CPU
		{42BF0AC1-9A77-4267-8722-F160DD95CA49}.Release|Any CPU.Build.0 = Release|Any CPU
		{CBE9AEC6-BEBA-4E19-8DAD-D5FA973D5244}.Debug|Any CPU.ActiveCfg = Debug|Any CPU
		{CBE9AEC6-BEBA-4E19-8DAD-D5FA973D5244}.Debug|Any CPU.Build.0 = Debug|Any CPU
		{CBE9AEC6-BEBA-4E19-8DAD-D5FA973D5244}.Release|Any CPU.ActiveCfg = Release|Any CPU
		{CBE9AEC6-BEBA-4E19-8DAD-D5FA973D5244}.Release|Any CPU.Build.0 = Release|Any CPU
		{7D7FA099-3C8F-4DD6-9723-7CD691ECAA96}.Debug|Any CPU.ActiveCfg = Debug|Any CPU
		{7D7FA099-3C8F-4DD6-9723-7CD691ECAA96}.Debug|Any CPU.Build.0 = Debug|Any CPU
		{7D7FA099-3C8F-4DD6-9723-7CD691ECAA96}.Release|Any CPU.ActiveCfg = Release|Any CPU
		{7D7FA099-3C8F-4DD6-9723-7CD691ECAA96}.Release|Any CPU.Build.0 = Release|Any CPU
		{F4AD0EEC-AAED-48FE-9728-722F1584D233}.Debug|Any CPU.ActiveCfg = Debug|Any CPU
		{F4AD0EEC-AAED-48FE-9728-722F1584D233}.Debug|Any CPU.Build.0 = Debug|Any CPU
		{F4AD0EEC-AAED-48FE-9728-722F1584D233}.Release|Any CPU.ActiveCfg = Release|Any CPU
		{F4AD0EEC-AAED-48FE-9728-722F1584D233}.Release|Any CPU.Build.0 = Release|Any CPU
		{B054F0DA-13BE-4D67-889F-7C65C239419C}.Debug|Any CPU.ActiveCfg = Debug|Any CPU
		{B054F0DA-13BE-4D67-889F-7C65C239419C}.Debug|Any CPU.Build.0 = Debug|Any CPU
		{B054F0DA-13BE-4D67-889F-7C65C239419C}.Release|Any CPU.ActiveCfg = Release|Any CPU
		{B054F0DA-13BE-4D67-889F-7C65C239419C}.Release|Any CPU.Build.0 = Release|Any CPU
		{E1EA6CD5-4141-442E-A222-A67168505FE8}.Debug|Any CPU.ActiveCfg = Debug|Any CPU
		{E1EA6CD5-4141-442E-A222-A67168505FE8}.Debug|Any CPU.Build.0 = Debug|Any CPU
		{E1EA6CD5-4141-442E-A222-A67168505FE8}.Release|Any CPU.ActiveCfg = Release|Any CPU
		{E1EA6CD5-4141-442E-A222-A67168505FE8}.Release|Any CPU.Build.0 = Release|Any CPU
		{26844875-A76C-4497-9D8D-C354A7701FE6}.Debug|Any CPU.ActiveCfg = Debug|Any CPU
		{26844875-A76C-4497-9D8D-C354A7701FE6}.Debug|Any CPU.Build.0 = Debug|Any CPU
		{26844875-A76C-4497-9D8D-C354A7701FE6}.Release|Any CPU.ActiveCfg = Release|Any CPU
		{26844875-A76C-4497-9D8D-C354A7701FE6}.Release|Any CPU.Build.0 = Release|Any CPU
		{65A96516-7CB0-45C5-8066-A1AFCBF30FE1}.Debug|Any CPU.ActiveCfg = Debug|Any CPU
		{65A96516-7CB0-45C5-8066-A1AFCBF30FE1}.Debug|Any CPU.Build.0 = Debug|Any CPU
		{65A96516-7CB0-45C5-8066-A1AFCBF30FE1}.Release|Any CPU.ActiveCfg = Release|Any CPU
		{65A96516-7CB0-45C5-8066-A1AFCBF30FE1}.Release|Any CPU.Build.0 = Release|Any CPU
		{8466DB46-917D-43F4-867D-55BD783F13EC}.Debug|Any CPU.ActiveCfg = Debug|Any CPU
		{8466DB46-917D-43F4-867D-55BD783F13EC}.Debug|Any CPU.Build.0 = Debug|Any CPU
		{8466DB46-917D-43F4-867D-55BD783F13EC}.Release|Any CPU.ActiveCfg = Release|Any CPU
		{8466DB46-917D-43F4-867D-55BD783F13EC}.Release|Any CPU.Build.0 = Release|Any CPU
		{D2FAC69F-1F53-4641-AA97-14DC68EE7B7A}.Debug|Any CPU.ActiveCfg = Debug|Any CPU
		{D2FAC69F-1F53-4641-AA97-14DC68EE7B7A}.Debug|Any CPU.Build.0 = Debug|Any CPU
		{D2FAC69F-1F53-4641-AA97-14DC68EE7B7A}.Release|Any CPU.ActiveCfg = Release|Any CPU
		{D2FAC69F-1F53-4641-AA97-14DC68EE7B7A}.Release|Any CPU.Build.0 = Release|Any CPU
		{59D53C9B-9942-4D7A-B2C3-04BDAD1A69FB}.Debug|Any CPU.ActiveCfg = Debug|Any CPU
		{59D53C9B-9942-4D7A-B2C3-04BDAD1A69FB}.Debug|Any CPU.Build.0 = Debug|Any CPU
		{59D53C9B-9942-4D7A-B2C3-04BDAD1A69FB}.Release|Any CPU.ActiveCfg = Release|Any CPU
		{59D53C9B-9942-4D7A-B2C3-04BDAD1A69FB}.Release|Any CPU.Build.0 = Release|Any CPU
		{006500FC-6545-4B5E-AB92-8EB3ED3E60C5}.Debug|Any CPU.ActiveCfg = Debug|Any CPU
		{006500FC-6545-4B5E-AB92-8EB3ED3E60C5}.Debug|Any CPU.Build.0 = Debug|Any CPU
		{006500FC-6545-4B5E-AB92-8EB3ED3E60C5}.Release|Any CPU.ActiveCfg = Release|Any CPU
		{006500FC-6545-4B5E-AB92-8EB3ED3E60C5}.Release|Any CPU.Build.0 = Release|Any CPU
		{A27C1B06-6576-426B-9E79-FEEA3219333B}.Debug|Any CPU.ActiveCfg = Debug|Any CPU
		{A27C1B06-6576-426B-9E79-FEEA3219333B}.Debug|Any CPU.Build.0 = Debug|Any CPU
		{A27C1B06-6576-426B-9E79-FEEA3219333B}.Release|Any CPU.ActiveCfg = Release|Any CPU
		{A27C1B06-6576-426B-9E79-FEEA3219333B}.Release|Any CPU.Build.0 = Release|Any CPU
		{C21C4DD3-7BF6-41F1-8C5E-60961F0511C0}.Debug|Any CPU.ActiveCfg = Debug|Any CPU
		{C21C4DD3-7BF6-41F1-8C5E-60961F0511C0}.Debug|Any CPU.Build.0 = Debug|Any CPU
		{C21C4DD3-7BF6-41F1-8C5E-60961F0511C0}.Release|Any CPU.ActiveCfg = Release|Any CPU
		{C21C4DD3-7BF6-41F1-8C5E-60961F0511C0}.Release|Any CPU.Build.0 = Release|Any CPU
		{1CBBDD05-0B04-42F0-88A6-8A719BBF6AF9}.Debug|Any CPU.ActiveCfg = Debug|Any CPU
		{1CBBDD05-0B04-42F0-88A6-8A719BBF6AF9}.Debug|Any CPU.Build.0 = Debug|Any CPU
		{1CBBDD05-0B04-42F0-88A6-8A719BBF6AF9}.Release|Any CPU.ActiveCfg = Release|Any CPU
		{1CBBDD05-0B04-42F0-88A6-8A719BBF6AF9}.Release|Any CPU.Build.0 = Release|Any CPU
		{BB383B57-5566-47CC-A236-FDCE073685DA}.Debug|Any CPU.ActiveCfg = Debug|Any CPU
		{BB383B57-5566-47CC-A236-FDCE073685DA}.Debug|Any CPU.Build.0 = Debug|Any CPU
		{BB383B57-5566-47CC-A236-FDCE073685DA}.Release|Any CPU.ActiveCfg = Release|Any CPU
		{BB383B57-5566-47CC-A236-FDCE073685DA}.Release|Any CPU.Build.0 = Release|Any CPU
		{8F2DFC93-6CD6-455F-95F3-DFEFF48521C7}.Debug|Any CPU.ActiveCfg = Debug|Any CPU
		{8F2DFC93-6CD6-455F-95F3-DFEFF48521C7}.Debug|Any CPU.Build.0 = Debug|Any CPU
		{8F2DFC93-6CD6-455F-95F3-DFEFF48521C7}.Release|Any CPU.ActiveCfg = Release|Any CPU
		{8F2DFC93-6CD6-455F-95F3-DFEFF48521C7}.Release|Any CPU.Build.0 = Release|Any CPU
		{FB6176D9-890C-4BFA-8533-1ECD90D49EB0}.Debug|Any CPU.ActiveCfg = Debug|Any CPU
		{FB6176D9-890C-4BFA-8533-1ECD90D49EB0}.Debug|Any CPU.Build.0 = Debug|Any CPU
		{FB6176D9-890C-4BFA-8533-1ECD90D49EB0}.Release|Any CPU.ActiveCfg = Release|Any CPU
		{FB6176D9-890C-4BFA-8533-1ECD90D49EB0}.Release|Any CPU.Build.0 = Release|Any CPU
		{6212CED4-D890-4CBC-941C-B0C218783497}.Debug|Any CPU.ActiveCfg = Debug|Any CPU
		{6212CED4-D890-4CBC-941C-B0C218783497}.Debug|Any CPU.Build.0 = Debug|Any CPU
		{6212CED4-D890-4CBC-941C-B0C218783497}.Release|Any CPU.ActiveCfg = Release|Any CPU
		{6212CED4-D890-4CBC-941C-B0C218783497}.Release|Any CPU.Build.0 = Release|Any CPU
		{26233E30-FCCC-4E40-B259-6334C47F73A8}.Debug|Any CPU.ActiveCfg = Debug|Any CPU
		{26233E30-FCCC-4E40-B259-6334C47F73A8}.Debug|Any CPU.Build.0 = Debug|Any CPU
		{26233E30-FCCC-4E40-B259-6334C47F73A8}.Release|Any CPU.ActiveCfg = Release|Any CPU
		{26233E30-FCCC-4E40-B259-6334C47F73A8}.Release|Any CPU.Build.0 = Release|Any CPU
		{782334A2-ECF4-44B3-8354-4EF54F140CDA}.Debug|Any CPU.ActiveCfg = Debug|Any CPU
		{782334A2-ECF4-44B3-8354-4EF54F140CDA}.Debug|Any CPU.Build.0 = Debug|Any CPU
		{782334A2-ECF4-44B3-8354-4EF54F140CDA}.Release|Any CPU.ActiveCfg = Release|Any CPU
		{782334A2-ECF4-44B3-8354-4EF54F140CDA}.Release|Any CPU.Build.0 = Release|Any CPU
		{04A89047-F414-40D1-8D2F-8E1DB11EE520}.Debug|Any CPU.ActiveCfg = Debug|Any CPU
		{04A89047-F414-40D1-8D2F-8E1DB11EE520}.Debug|Any CPU.Build.0 = Debug|Any CPU
		{04A89047-F414-40D1-8D2F-8E1DB11EE520}.Release|Any CPU.ActiveCfg = Release|Any CPU
		{04A89047-F414-40D1-8D2F-8E1DB11EE520}.Release|Any CPU.Build.0 = Release|Any CPU
		{7724F48B-B12E-47CB-9DC8-4A056DBE838A}.Debug|Any CPU.ActiveCfg = Debug|Any CPU
		{7724F48B-B12E-47CB-9DC8-4A056DBE838A}.Debug|Any CPU.Build.0 = Debug|Any CPU
		{7724F48B-B12E-47CB-9DC8-4A056DBE838A}.Release|Any CPU.ActiveCfg = Release|Any CPU
		{7724F48B-B12E-47CB-9DC8-4A056DBE838A}.Release|Any CPU.Build.0 = Release|Any CPU
		{5CAE2FF6-D68B-4E72-929D-58A7669BF52C}.Debug|Any CPU.ActiveCfg = Debug|Any CPU
		{5CAE2FF6-D68B-4E72-929D-58A7669BF52C}.Debug|Any CPU.Build.0 = Debug|Any CPU
		{5CAE2FF6-D68B-4E72-929D-58A7669BF52C}.Release|Any CPU.ActiveCfg = Release|Any CPU
		{5CAE2FF6-D68B-4E72-929D-58A7669BF52C}.Release|Any CPU.Build.0 = Release|Any CPU
	EndGlobalSection
	GlobalSection(SolutionProperties) = preSolution
		HideSolutionNode = FALSE
	EndGlobalSection
	GlobalSection(ExtensibilityGlobals) = postSolution
		SolutionGuid = {0678A894-695B-4873-B21A-B0D016F18306}
	EndGlobalSection
EndGlobal
